
Microsoft Visual Studio Solution File, Format Version 12.00
# Visual Studio Version 17
VisualStudioVersion = 17.5.33516.290
MinimumVisualStudioVersion = 10.0.40219.1
Project("{FAE04EC0-301F-11D3-BF4B-00C04F79EFBC}") = "CMComSMSTest_DMulder", "CMComSMSTest_DMulder\CMComSMSTest_DMulder.csproj", "{6186A3F0-00D4-47B3-B29C-710AB5EC7593}"
EndProject
Global
	GlobalSection(SolutionConfigurationPlatforms) = preSolution
		Debug|Any CPU = Debug|Any CPU
		Release|Any CPU = Release|Any CPU
	EndGlobalSection
	GlobalSection(ProjectConfigurationPlatforms) = postSolution
		{6186A3F0-00D4-47B3-B29C-710AB5EC7593}.Debug|Any CPU.ActiveCfg = Debug|Any CPU
		{6186A3F0-00D4-47B3-B29C-710AB5EC7593}.Debug|Any CPU.Build.0 = Debug|Any CPU
		{6186A3F0-00D4-47B3-B29C-710AB5EC7593}.Release|Any CPU.ActiveCfg = Release|Any CPU
		{6186A3F0-00D4-47B3-B29C-710AB5EC7593}.Release|Any CPU.Build.0 = Release|Any CPU
	EndGlobalSection
	GlobalSection(SolutionProperties) = preSolution
		HideSolutionNode = FALSE
	EndGlobalSection
	GlobalSection(ExtensibilityGlobals) = postSolution
		SolutionGuid = {FA94D075-EF5E-4185-8DAA-336AE02C94FD}
	EndGlobalSection
EndGlobal
